
Microsoft Visual Studio Solution File, Format Version 12.00
# Visual Studio Version 16
VisualStudioVersion = 25.0.1706.8
MinimumVisualStudioVersion = 10.0.40219.1
Project("{FAE04EC0-301F-11D3-BF4B-00C04F79EFBC}") = "MineralKingdom.Api", "MineralKingdom.Api\MineralKingdom.Api.csproj", "{CDFE740B-F112-4668-9ABD-17AA18C0A405}"
EndProject
Project("{FAE04EC0-301F-11D3-BF4B-00C04F79EFBC}") = "MineralKingdom.Worker", "MineralKingdom.Worker\MineralKingdom.Worker.csproj", "{3D0DED96-1BF7-44BC-AB7B-EB438DF33B8D}"
EndProject
Project("{FAE04EC0-301F-11D3-BF4B-00C04F79EFBC}") = "MineralKingdom.Domain", "MineralKingdom.Domain\MineralKingdom.Domain.csproj", "{8CBCD24C-9C8D-4264-8AD5-3A731444D852}"
EndProject
Project("{FAE04EC0-301F-11D3-BF4B-00C04F79EFBC}") = "MineralKingdom.Infrastructure", "MineralKingdom.Infrastructure\MineralKingdom.Infrastructure.csproj", "{AD9AF4A0-C0BB-45D2-8B16-D3ED543C1ED4}"
EndProject
Project("{FAE04EC0-301F-11D3-BF4B-00C04F79EFBC}") = "MineralKingdom.Contracts", "MineralKingdom.Contracts\MineralKingdom.Contracts.csproj", "{7A6C7433-7A87-4437-B2FD-0436C4D079AB}"
EndProject
Project("{FAE04EC0-301F-11D3-BF4B-00C04F79EFBC}") = "MineralKingdom.Domain.Tests", "MineralKingdom.Domain.Tests\MineralKingdom.Domain.Tests.csproj", "{4D9CE1CD-8AA9-458D-A0E1-92DC17F19141}"
EndProject
Project("{FAE04EC0-301F-11D3-BF4B-00C04F79EFBC}") = "MineralKingdom.Api.IntegrationTests", "MineralKingdom.Api.IntegrationTests\MineralKingdom.Api.IntegrationTests.csproj", "{0978C641-206D-4719-8581-370A76BC12AD}"
EndProject
Global
	GlobalSection(SolutionConfigurationPlatforms) = preSolution
		Debug|Any CPU = Debug|Any CPU
		Release|Any CPU = Release|Any CPU
	EndGlobalSection
	GlobalSection(ProjectConfigurationPlatforms) = postSolution
		{CDFE740B-F112-4668-9ABD-17AA18C0A405}.Debug|Any CPU.ActiveCfg = Debug|Any CPU
		{CDFE740B-F112-4668-9ABD-17AA18C0A405}.Debug|Any CPU.Build.0 = Debug|Any CPU
		{CDFE740B-F112-4668-9ABD-17AA18C0A405}.Release|Any CPU.ActiveCfg = Release|Any CPU
		{CDFE740B-F112-4668-9ABD-17AA18C0A405}.Release|Any CPU.Build.0 = Release|Any CPU
		{3D0DED96-1BF7-44BC-AB7B-EB438DF33B8D}.Debug|Any CPU.ActiveCfg = Debug|Any CPU
		{3D0DED96-1BF7-44BC-AB7B-EB438DF33B8D}.Debug|Any CPU.Build.0 = Debug|Any CPU
		{3D0DED96-1BF7-44BC-AB7B-EB438DF33B8D}.Release|Any CPU.ActiveCfg = Release|Any CPU
		{3D0DED96-1BF7-44BC-AB7B-EB438DF33B8D}.Release|Any CPU.Build.0 = Release|Any CPU
		{8CBCD24C-9C8D-4264-8AD5-3A731444D852}.Debug|Any CPU.ActiveCfg = Debug|Any CPU
		{8CBCD24C-9C8D-4264-8AD5-3A731444D852}.Debug|Any CPU.Build.0 = Debug|Any CPU
		{8CBCD24C-9C8D-4264-8AD5-3A731444D852}.Release|Any CPU.ActiveCfg = Release|Any CPU
		{8CBCD24C-9C8D-4264-8AD5-3A731444D852}.Release|Any CPU.Build.0 = Release|Any CPU
		{AD9AF4A0-C0BB-45D2-8B16-D3ED543C1ED4}.Debug|Any CPU.ActiveCfg = Debug|Any CPU
		{AD9AF4A0-C0BB-45D2-8B16-D3ED543C1ED4}.Debug|Any CPU.Build.0 = Debug|Any CPU
		{AD9AF4A0-C0BB-45D2-8B16-D3ED543C1ED4}.Release|Any CPU.ActiveCfg = Release|Any CPU
		{AD9AF4A0-C0BB-45D2-8B16-D3ED543C1ED4}.Release|Any CPU.Build.0 = Release|Any CPU
		{7A6C7433-7A87-4437-B2FD-0436C4D079AB}.Debug|Any CPU.ActiveCfg = Debug|Any CPU
		{7A6C7433-7A87-4437-B2FD-0436C4D079AB}.Debug|Any CPU.Build.0 = Debug|Any CPU
		{7A6C7433-7A87-4437-B2FD-0436C4D079AB}.Release|Any CPU.ActiveCfg = Release|Any CPU
		{7A6C7433-7A87-4437-B2FD-0436C4D079AB}.Release|Any CPU.Build.0 = Release|Any CPU
		{4D9CE1CD-8AA9-458D-A0E1-92DC17F19141}.Debug|Any CPU.ActiveCfg = Debug|Any CPU
		{4D9CE1CD-8AA9-458D-A0E1-92DC17F19141}.Debug|Any CPU.Build.0 = Debug|Any CPU
		{4D9CE1CD-8AA9-458D-A0E1-92DC17F19141}.Release|Any CPU.ActiveCfg = Release|Any CPU
		{4D9CE1CD-8AA9-458D-A0E1-92DC17F19141}.Release|Any CPU.Build.0 = Release|Any CPU
		{0978C641-206D-4719-8581-370A76BC12AD}.Debug|Any CPU.ActiveCfg = Debug|Any CPU
		{0978C641-206D-4719-8581-370A76BC12AD}.Debug|Any CPU.Build.0 = Debug|Any CPU
		{0978C641-206D-4719-8581-370A76BC12AD}.Release|Any CPU.ActiveCfg = Release|Any CPU
		{0978C641-206D-4719-8581-370A76BC12AD}.Release|Any CPU.Build.0 = Release|Any CPU
	EndGlobalSection
	GlobalSection(SolutionProperties) = preSolution
		HideSolutionNode = FALSE
	EndGlobalSection
	GlobalSection(ExtensibilityGlobals) = postSolution
		SolutionGuid = {C517A1EF-36B3-43ED-82F3-003EAB8AD6BE}
	EndGlobalSection
EndGlobal
